
Microsoft Visual Studio Solution File, Format Version 12.00
# Visual Studio 2013
VisualStudioVersion = 12.0.21005.1
MinimumVisualStudioVersion = 10.0.40219.1
Project("{FAE04EC0-301F-11D3-BF4B-00C04F79EFBC}") = "RegistrationKiosk", "RegistrationKiosk\RegistrationKiosk.csproj", "{FCD40643-D8EA-4EDA-A212-EA311486E9B8}"
EndProject
Project("{6141683F-8A12-4E36-9623-2EB02B2C2303}") = "KioskSetup", "KioskSetup\KioskSetup.isproj", "{E4422C16-7FC8-48B4-8BB1-BC75C80D7D12}"
EndProject
Global
	GlobalSection(SolutionConfigurationPlatforms) = preSolution
		CD_ROM|Any CPU = CD_ROM|Any CPU
		Debug|Any CPU = Debug|Any CPU
		DVD-5|Any CPU = DVD-5|Any CPU
		Release|Any CPU = Release|Any CPU
		SingleImage|Any CPU = SingleImage|Any CPU
	EndGlobalSection
	GlobalSection(ProjectConfigurationPlatforms) = postSolution
		{FCD40643-D8EA-4EDA-A212-EA311486E9B8}.CD_ROM|Any CPU.ActiveCfg = Release|Any CPU
		{FCD40643-D8EA-4EDA-A212-EA311486E9B8}.CD_ROM|Any CPU.Build.0 = Release|Any CPU
		{FCD40643-D8EA-4EDA-A212-EA311486E9B8}.Debug|Any CPU.ActiveCfg = Debug|Any CPU
		{FCD40643-D8EA-4EDA-A212-EA311486E9B8}.Debug|Any CPU.Build.0 = Debug|Any CPU
		{FCD40643-D8EA-4EDA-A212-EA311486E9B8}.DVD-5|Any CPU.ActiveCfg = Debug|Any CPU
		{FCD40643-D8EA-4EDA-A212-EA311486E9B8}.DVD-5|Any CPU.Build.0 = Debug|Any CPU
		{FCD40643-D8EA-4EDA-A212-EA311486E9B8}.Release|Any CPU.ActiveCfg = Release|Any CPU
		{FCD40643-D8EA-4EDA-A212-EA311486E9B8}.Release|Any CPU.Build.0 = Release|Any CPU
		{FCD40643-D8EA-4EDA-A212-EA311486E9B8}.SingleImage|Any CPU.ActiveCfg = Release|Any CPU
		{FCD40643-D8EA-4EDA-A212-EA311486E9B8}.SingleImage|Any CPU.Build.0 = Release|Any CPU
		{E4422C16-7FC8-48B4-8BB1-BC75C80D7D12}.CD_ROM|Any CPU.ActiveCfg = CD_ROM
		{E4422C16-7FC8-48B4-8BB1-BC75C80D7D12}.CD_ROM|Any CPU.Build.0 = CD_ROM
		{E4422C16-7FC8-48B4-8BB1-BC75C80D7D12}.Debug|Any CPU.ActiveCfg = DVD-5
		{E4422C16-7FC8-48B4-8BB1-BC75C80D7D12}.Debug|Any CPU.Build.0 = DVD-5
		{E4422C16-7FC8-48B4-8BB1-BC75C80D7D12}.DVD-5|Any CPU.ActiveCfg = DVD-5
		{E4422C16-7FC8-48B4-8BB1-BC75C80D7D12}.DVD-5|Any CPU.Build.0 = DVD-5
		{E4422C16-7FC8-48B4-8BB1-BC75C80D7D12}.Release|Any CPU.ActiveCfg = SingleImage
		{E4422C16-7FC8-48B4-8BB1-BC75C80D7D12}.Release|Any CPU.Build.0 = SingleImage
		{E4422C16-7FC8-48B4-8BB1-BC75C80D7D12}.SingleImage|Any CPU.ActiveCfg = SingleImage
		{E4422C16-7FC8-48B4-8BB1-BC75C80D7D12}.SingleImage|Any CPU.Build.0 = SingleImage
	EndGlobalSection
	GlobalSection(SolutionProperties) = preSolution
		HideSolutionNode = FALSE
	EndGlobalSection
EndGlobal
