
Microsoft Visual Studio Solution File, Format Version 12.00
# Visual Studio 2013
VisualStudioVersion = 12.0.21005.1
MinimumVisualStudioVersion = 10.0.40219.1
Project("{FAE04EC0-301F-11D3-BF4B-00C04F79EFBC}") = "DYMO", "DYMO\DYMO.csproj", "{2905DD82-5CE1-4A75-8F11-57BD909E058A}"
EndProject
Global
	GlobalSection(SolutionConfigurationPlatforms) = preSolution
		Debug|Any CPU = Debug|Any CPU
		Release|Any CPU = Release|Any CPU
	EndGlobalSection
	GlobalSection(ProjectConfigurationPlatforms) = postSolution
		{2905DD82-5CE1-4A75-8F11-57BD909E058A}.Debug|Any CPU.ActiveCfg = Debug|Any CPU
		{2905DD82-5CE1-4A75-8F11-57BD909E058A}.Debug|Any CPU.Build.0 = Debug|Any CPU
		{2905DD82-5CE1-4A75-8F11-57BD909E058A}.Release|Any CPU.ActiveCfg = Release|Any CPU
		{2905DD82-5CE1-4A75-8F11-57BD909E058A}.Release|Any CPU.Build.0 = Release|Any CPU
	EndGlobalSection
	GlobalSection(SolutionProperties) = preSolution
		HideSolutionNode = FALSE
	EndGlobalSection
EndGlobal
